PODS:
  - Realm (2.2.0):
    - Realm/Headers (= 2.2.0)
  - Realm/Headers (2.2.0)
  - RealmDefaults (0.4.3):
    - RealmSwift (~> 2.0)
  - RealmSwift (2.2.0):
    - Realm (= 2.2.0)

DEPENDENCIES:
  - RealmDefaults (from `../`)

EXTERNAL SOURCES:
  RealmDefaults:
    :path: "../"

SPEC CHECKSUMS:
  Realm: d95b8fb34c83f1e764b66d319277a62c2b6e4bf5
  RealmDefaults: 59a92a2da235474caedd71b7b16ab4beca6b85e9
  RealmSwift: a4fa52d06e946a32ec746b3388374f742e6b8731

PODFILE CHECKSUM: 22976847bea97a5d5eca7892f308c24bb82f91a2

COCOAPODS: 1.2.0.beta.1
